<?xml version="1.0" encoding="utf-8"?>
<Project ToolsVersion="4.0" xmlns="http://schemas.microsoft.com/developer/msbuild/2003">
  <ItemGroup>
    <Filter Include="Source Files">
      <UniqueIdentifier>{4FC737F1-C7A5-4376-A066-2A32D752A2FF}</UniqueIdentifier>
      <Extensions>cpp;c;cc;cxx</Extensions>
    </Filter>
    <Filter Include="Header Files">
      <UniqueIdentifier>{93995380-89BD-4B04-88EB-625FBE52EBFB}</UniqueIdentifier>
      <Extensions>h;hpp;hxx</Extensions>
    </Filter>
    <Filter Include="Shaders">
      <UniqueIdentifier>{4B6E0F27-6C29-4B29-9A8D-2B7EA2B0D01A}</UniqueIdentifier>
    </Filter>
  </ItemGroup>

  <ItemGroup>
    <ClInclude Include="pch.h">
      <Filter>Header Files</Filter>
    </ClInclude>
    <ClInclude Include="framework.h">
      <Filter>Header Files</Filter>
    </ClInclude>
    <ClInclude Include="resource.h">
      <Filter>Header Files</Filter>
    </ClInclude>
    <ClInclude Include="MainFrm.h">
      <Filter>Header Files</Filter>
    </ClInclude>
    <ClInclude Include="ChildView.h">
      <Filter>Header Files</Filter>
    </ClInclude>
    <ClInclude Include="$(SolutionDir)Mesh.h">
      <Filter>Header Files</Filter>
    </ClInclude>
    <ClInclude Include="$(SolutionDir)Sphere.h">
      <Filter>Header Files</Filter>
    </ClInclude>
    <ClInclude Include="$(SolutionDir)graphics\GrTexture.h">
      <Filter>Header Files</Filter>
    </ClInclude>
    <ClInclude Include="$(SolutionDir)graphics\GrCubeTexture.h">
      <Filter>Header Files</Filter>
    </ClInclude>
    <ClInclude Include="$(SolutionDir)ShaderWnd\ShaderWnd.h">
      <Filter>Header Files</Filter>
    </ClInclude>
  </ItemGroup>

  <ItemGroup>
    <ClCompile Include="pch.cpp">
      <Filter>Source Files</Filter>
    </ClCompile>
    <ClCompile Include="Assignment4Sami.cpp">
      <Filter>Source Files</Filter>
    </ClCompile>
    <ClCompile Include="MainFrm.cpp">
      <Filter>Source Files</Filter>
    </ClCompile>
    <ClCompile Include="ChildView.cpp">
      <Filter>Source Files</Filter>
    </ClCompile>
    <ClCompile Include="$(SolutionDir)Mesh.cpp">
      <Filter>Source Files</Filter>
    </ClCompile>
    <ClCompile Include="$(SolutionDir)Sphere.cpp">
      <Filter>Source Files</Filter>
    </ClCompile>
    <ClCompile Include="$(SolutionDir)graphics\GrTexture.cpp">
      <Filter>Source Files</Filter>
    </ClCompile>
    <ClCompile Include="$(SolutionDir)graphics\GrCubeTexture.cpp">
      <Filter>Source Files</Filter>
    </ClCompile>
    <ClCompile Include="$(SolutionDir)ShaderWnd\ShaderWnd.cpp">
      <Filter>Source Files</Filter>
    </ClCompile>
    <ClCompile Include="$(SolutionDir)ShaderWnd\glew.cpp">
      <Filter>Source Files</Filter>
    </ClCompile>
  </ItemGroup>

  <ItemGroup>
    <None Include="$(SolutionDir)ShaderWnd\vertex.glsl">
      <Filter>Shaders</Filter>
    </None>
    <None Include="$(SolutionDir)ShaderWnd\fragment.glsl">
      <Filter>Shaders</Filter>
    </None>
    <None Include="$(SolutionDir)ShaderWnd\vertexSphere.glsl">
      <Filter>Shaders</Filter>
    </None>
    <None Include="$(SolutionDir)ShaderWnd\parallaxSphere.glsl">
      <Filter>Shaders</Filter>
    </None>
    <None Include="$(SolutionDir)ShaderWnd\vertexSphere2.glsl">
      <Filter>Shaders</Filter>
    </None>
    <None Include="$(SolutionDir)ShaderWnd\fragmentSphere2.glsl">
      <Filter>Shaders</Filter>
    </None>
    <None Include="$(SolutionDir)ShaderWnd\vertexSky.glsl">
      <Filter>Shaders</Filter>
    </None>
    <None Include="$(SolutionDir)ShaderWnd\fragmentSky.glsl">
      <Filter>Shaders</Filter>
    </None>
  </ItemGroup>
</Project>
